// !$*UTF8*$!
{
	archiveVersion = 1;
	classes = {
	};
	objectVersion = 48;
	objects = {

/* Begin PBXBuildFile section */
		3323D0B432E84D221D130A6E /* Pods_PKPodsExample.framework in Frameworks */ = {isa = PBXBuildFile; fileRef = EC64FF3B7B3B44A9BC8A5B66 /* Pods_PKPodsExample.framework */; };
		E72A2AF51F80CD4D0044F879 /* AppDelegate.swift in Sources */ = {isa = PBXBuildFile; fileRef = E72A2AF41F80CD4D0044F879 /* AppDelegate.swift */; };
		E72A2AF71F80CD4D0044F879 /* ViewController.swift in Sources */ = {isa = PBXBuildFile; fileRef = E72A2AF61F80CD4D0044F879 /* ViewController.swift */; };
		E72A2AFA1F80CD4D0044F879 /* Main.storyboard in Resources */ = {isa = PBXBuildFile; fileRef = E72A2AF81F80CD4D0044F879 /* Main.storyboard */; };
		E72A2AFC1F80CD4D0044F879 /* Assets.xcassets in Resources */ = {isa = PBXBuildFile; fileRef = E72A2AFB1F80CD4D0044F879 /* Assets.xcassets */; };
		E72A2AFF1F80CD4D0044F879 /* LaunchScreen.storyboard in Resources */ = {isa = PBXBuildFile; fileRef = E72A2AFD1F80CD4D0044F879 /* LaunchScreen.storyboard */; };
		E72A2B071F80CDE20044F879 /* CustomView.swift in Sources */ = {isa = PBXBuildFile; fileRef = E72A2B061F80CDE20044F879 /* CustomView.swift */; };
/* End PBXBuildFile section */

/* Begin PBXFileReference section */
		5EB68EAEE265952FC4ABEE5E /* Pods-PKPodsExample.release.xcconfig */ = {isa = PBXFileReference; includeInIndex = 1; lastKnownFileType = text.xcconfig; name = "Pods-PKPodsExample.release.xcconfig"; path = "Pods/Target Support Files/Pods-PKPodsExample/Pods-PKPodsExample.release.xcconfig"; sourceTree = "<group>"; };
		E72A2AF11F80CD4D0044F879 /* PKPodsExample.app */ = {isa = PBXFileReference; explicitFileType = wrapper.application; includeInIndex = 0; path = PKPodsExample.app; sourceTree = BUILT_PRODUCTS_DIR; };
		E72A2AF41F80CD4D0044F879 /* AppDelegate.swift */ = {isa = PBXFileReference; lastKnownFileType = sourcecode.swift; path = AppDelegate.swift; sourceTree = "<group>"; };
		E72A2AF61F80CD4D0044F879 /* ViewController.swift */ = {isa = PBXFileReference; lastKnownFileType = sourcecode.swift; path = ViewController.swift; sourceTree = "<group>"; };
		E72A2AF91F80CD4D0044F879 /* Base */ = {isa = PBXFileReference; lastKnownFileType = file.storyboard; name = Base; path = Base.lproj/Main.storyboard; sourceTree = "<group>"; };
		E72A2AFB1F80CD4D0044F879 /* Assets.xcassets */ = {isa = PBXFileReference; lastKnownFileType = folder.assetcatalog; path = Assets.xcassets; sourceTree = "<group>"; };
		E72A2AFE1F80CD4D0044F879 /* Base */ = {isa = PBXFileReference; lastKnownFileType = file.storyboard; name = Base; path = Base.lproj/LaunchScreen.storyboard; sourceTree = "<group>"; };
		E72A2B001F80CD4D0044F879 /* Info.plist */ = {isa = PBXFileReference; lastKnownFileType = text.plist.xml; path = Info.plist; sourceTree = "<group>"; };
		E72A2B061F80CDE20044F879 /* CustomView.swift */ = {isa = PBXFileReference; lastKnownFileType = sourcecode.swift; path = CustomView.swift; sourceTree = "<group>"; };
		EA8AD3DD7DF9666F4C4E3475 /* Pods-PKPodsExample.debug.xcconfig */ = {isa = PBXFileReference; includeInIndex = 1; lastKnownFileType = text.xcconfig; name = "Pods-PKPodsExample.debug.xcconfig"; path = "Pods/Target Support Files/Pods-PKPodsExample/Pods-PKPodsExample.debug.xcconfig"; sourceTree = "<group>"; };
		EC64FF3B7B3B44A9BC8A5B66 /* Pods_PKPodsExample.framework */ = {isa = PBXFileReference; explicitFileType = wrapper.framework; includeInIndex = 0; path = Pods_PKPodsExample.framework; sourceTree = BUILT_PRODUCTS_DIR; };
/* End PBXFileReference section */

/* Begin PBXFrameworksBuildPhase section */
		E72A2AEE1F80CD4D0044F879 /* Frameworks */ = {
			isa = PBXFrameworksBuildPhase;
			buildActionMask = 2147483647;
			files = (
				3323D0B432E84D221D130A6E /* Pods_PKPodsExample.framework in Frameworks */,
			);
			runOnlyForDeploymentPostprocessing = 0;
		};
/* End PBXFrameworksBuildPhase section */

/* Begin PBXGroup section */
		02C11CA376AD12985BC7AF0A /* Frameworks */ = {
			isa = PBXGroup;
			children = (
				EC64FF3B7B3B44A9BC8A5B66 /* Pods_PKPodsExample.framework */,
			);
			name = Frameworks;
			sourceTree = "<group>";
		};
		55F82EAB38F0B6D534C1CC71 /* Pods */ = {
			isa = PBXGroup;
			children = (
				EA8AD3DD7DF9666F4C4E3475 /* Pods-PKPodsExample.debug.xcconfig */,
				5EB68EAEE265952FC4ABEE5E /* Pods-PKPodsExample.release.xcconfig */,
			);
			name = Pods;
			sourceTree = "<group>";
		};
		E72A2AE81F80CD4D0044F879 = {
			isa = PBXGroup;
			children = (
				E72A2AF31F80CD4D0044F879 /* PKPodsExample */,
				E72A2AF21F80CD4D0044F879 /* Products */,
				55F82EAB38F0B6D534C1CC71 /* Pods */,
				02C11CA376AD12985BC7AF0A /* Frameworks */,
			);
			sourceTree = "<group>";
		};
		E72A2AF21F80CD4D0044F879 /* Products */ = {
			isa = PBXGroup;
			children = (
				E72A2AF11F80CD4D0044F879 /* PKPodsExample.app */,
			);
			name = Products;
			sourceTree = "<group>";
		};
		E72A2AF31F80CD4D0044F879 /* PKPodsExample */ = {
			isa = PBXGroup;
			children = (
				E72A2AF41F80CD4D0044F879 /* AppDelegate.swift */,
				E72A2AF61F80CD4D0044F879 /* ViewController.swift */,
				E72A2B061F80CDE20044F879 /* CustomView.swift */,
				E72A2AF81F80CD4D0044F879 /* Main.storyboard */,
				E72A2AFB1F80CD4D0044F879 /* Assets.xcassets */,
				E72A2AFD1F80CD4D0044F879 /* LaunchScreen.storyboard */,
				E72A2B001F80CD4D0044F879 /* Info.plist */,
			);
			path = PKPodsExample;
			sourceTree = "<group>";
		};
/* End PBXGroup section */

/* Begin PBXNativeTarget section */
		E72A2AF01F80CD4D0044F879 /* PKPodsExample */ = {
			isa = PBXNativeTarget;
			buildConfigurationList = E72A2B031F80CD4D0044F879 /* Build configuration list for PBXNativeTarget "PKPodsExample" */;
			buildPhases = (
				84E649239445DA6154C450CA /* [CP] Check Pods Manifest.lock */,
				E72A2AED1F80CD4D0044F879 /* Sources */,
				E72A2AEE1F80CD4D0044F879 /* Frameworks */,
				E72A2AEF1F80CD4D0044F879 /* Resources */,
				6CCCB2580703C1C8C490CDF4 /* [CP] Embed Pods Frameworks */,
				CCB36A0F470F83D914FCA31D /* [CP] Copy Pods Resources */,
			);
			buildRules = (
			);
			dependencies = (
			);
			name = PKPodsExample;
			productName = PKPodsExample;
			productReference = E72A2AF11F80CD4D0044F879 /* PKPodsExample.app */;
			productType = "com.apple.product-type.application";
		};
/* End PBXNativeTarget section */

/* Begin PBXProject section */
		E72A2AE91F80CD4D0044F879 /* Project object */ = {
			isa = PBXProject;
			attributes = {
				LastSwiftUpdateCheck = 0900;
				LastUpgradeCheck = 0900;
				ORGANIZATIONNAME = "Atsuya Sato";
				TargetAttributes = {
					E72A2AF01F80CD4D0044F879 = {
						CreatedOnToolsVersion = 9.0;
						ProvisioningStyle = Automatic;
					};
				};
			};
			buildConfigurationList = E72A2AEC1F80CD4D0044F879 /* Build configuration list for PBXProject "PKPodsExample" */;
			compatibilityVersion = "Xcode 8.0";
			developmentRegion = en;
			hasScannedForEncodings = 0;
			knownRegions = (
				en,
				Base,
			);
			mainGroup = E72A2AE81F80CD4D0044F879;
			productRefGroup = E72A2AF21F80CD4D0044F879 /* Products */;
			projectDirPath = "";
			projectRoot = "";
			targets = (
				E72A2AF01F80CD4D0044F879 /* PKPodsExample */,
			);
		};
/* End PBXProject section */

/* Begin PBXResourcesBuildPhase section */
		E72A2AEF1F80CD4D0044F879 /* Resources */ = {
			isa = PBXResourcesBuildPhase;
			buildActionMask = 2147483647;
			files = (
				E72A2AFF1F80CD4D0044F879 /* LaunchScreen.storyboard in Resources */,
				E72A2AFC1F80CD4D0044F879 /* Assets.xcassets in Resources */,
				E72A2AFA1F80CD4D0044F879 /* Main.storyboard in Resources */,
			);
			runOnlyForDeploymentPostprocessing = 0;
		};
/* End PBXResourcesBuildPhase section */

/* Begin PBXShellScriptBuildPhase section */
		6CCCB2580703C1C8C490CDF4 /* [CP] Embed Pods Frameworks */ = {
			isa = PBXShellScriptBuildPhase;
			buildActionMask = 2147483647;
			files = (
			);
			inputPaths = (
				"${SRCROOT}/Pods/Target Support Files/Pods-PKPodsExample/Pods-PKPodsExample-frameworks.sh",
				"${BUILT_PRODUCTS_DIR}/ProcessingKit/ProcessingKit.framework",
			);
			name = "[CP] Embed Pods Frameworks";
			outputPaths = (
				"${TARGET_BUILD_DIR}/${FRAMEWORKS_FOLDER_PATH}/ProcessingKit.framework",
			);
			runOnlyForDeploymentPostprocessing = 0;
			shellPath = /bin/sh;
			shellScript = "\"${SRCROOT}/Pods/Target Support Files/Pods-PKPodsExample/Pods-PKPodsExample-frameworks.sh\"\n";
			showEnvVarsInLog = 0;
		};
		84E649239445DA6154C450CA /* [CP] Check Pods Manifest.lock */ = {
			isa = PBXShellScriptBuildPhase;
			buildActionMask = 2147483647;
			files = (
			);
			inputPaths = (
				"${PODS_PODFILE_DIR_PATH}/Podfile.lock",
				"${PODS_ROOT}/Manifest.lock",
			);
			name = "[CP] Check Pods Manifest.lock";
			outputPaths = (
				"$(DERIVED_FILE_DIR)/Pods-PKPodsExample-checkManifestLockResult.txt",
			);
			runOnlyForDeploymentPostprocessing = 0;
			shellPath = /bin/sh;
			shellScript = "diff \"${PODS_PODFILE_DIR_PATH}/Podfile.lock\" \"${PODS_ROOT}/Manifest.lock\" > /dev/null\nif [ $? != 0 ] ; then\n    # print error to STDERR\n    echo \"error: The sandbox is not in sync with the Podfile.lock. Run 'pod install' or update your CocoaPods installation.\" >&2\n    exit 1\nfi\n# This output is used by Xcode 'outputs' to avoid re-running this script phase.\necho \"SUCCESS\" > \"${SCRIPT_OUTPUT_FILE_0}\"\n";
			showEnvVarsInLog = 0;
		};
		CCB36A0F470F83D914FCA31D /* [CP] Copy Pods Resources */ = {
			isa = PBXShellScriptBuildPhase;
			buildActionMask = 2147483647;
			files = (
			);
			inputPaths = (
			);
			name = "[CP] Copy Pods Resources";
			outputPaths = (
			);
			runOnlyForDeploymentPostprocessing = 0;
			shellPath = /bin/sh;
			shellScript = "\"${SRCROOT}/Pods/Target Support Files/Pods-PKPodsExample/Pods-PKPodsExample-resources.sh\"\n";
			showEnvVarsInLog = 0;
		};
/* End PBXShellScriptBuildPhase section */

/* Begin PBXSourcesBuildPhase section */
		E72A2AED1F80CD4D0044F879 /* Sources */ = {
			isa = PBXSourcesBuildPhase;
			buildActionMask = 2147483647;
			files = (
				E72A2B071F80CDE20044F879 /* CustomView.swift in Sources */,
				E72A2AF71F80CD4D0044F879 /* ViewController.swift in Sources */,
				E72A2AF51F80CD4D0044F879 /* AppDelegate.swift in Sources */,
			);
			runOnlyForDeploymentPostprocessing = 0;
		};
/* End PBXSourcesBuildPhase section */

/* Begin PBXVariantGroup section */
		E72A2AF81F80CD4D0044F879 /* Main.storyboard */ = {
			isa = PBXVariantGroup;
			children = (
				E72A2AF91F80CD4D0044F879 /* Base */,
			);
			name = Main.storyboard;
			sourceTree = "<group>";
		};
		E72A2AFD1F80CD4D0044F879 /* LaunchScreen.storyboard */ = {
			isa = PBXVariantGroup;
			children = (
				E72A2AFE1F80CD4D0044F879 /* Base */,
			);
			name = LaunchScreen.storyboard;
			sourceTree = "<group>";
		};
/* End PBXVariantGroup section */

/* Begin XCBuildConfiguration section */
		E72A2B011F80CD4D0044F879 /* Debug */ = {
			isa = XCBuildConfiguration;
			buildSettings = {
				ALWAYS_SEARCH_USER_PATHS = NO;
				CLANG_ANALYZER_NONNULL = YES;
				CLANG_ANALYZER_NUMBER_OBJECT_CONVERSION = YES_AGGRESSIVE;
				CLANG_CXX_LANGUAGE_STANDARD = "gnu++14";
				CLANG_CXX_LIBRARY = "libc++";
				CLANG_ENABLE_MODULES = YES;
				CLANG_ENABLE_OBJC_ARC = YES;
				CLANG_WARN_BLOCK_CAPTURE_AUTORELEASING = YES;
				CLANG_WARN_BOOL_CONVERSION = YES;
				CLANG_WARN_COMMA = YES;
				CLANG_WARN_CONSTANT_CONVERSION = YES;
				CLANG_WARN_DIRECT_OBJC_ISA_USAGE = YES_ERROR;
				CLANG_WARN_DOCUMENTATION_COMMENTS = YES;
				CLANG_WARN_EMPTY_BODY = YES;
				CLANG_WARN_ENUM_CONVERSION = YES;
				CLANG_WARN_INFINITE_RECURSION = YES;
				CLANG_WARN_INT_CONVERSION = YES;
				CLANG_WARN_NON_LITERAL_NULL_CONVERSION = YES;
				CLANG_WARN_OBJC_LITERAL_CONVERSION = YES;
				CLANG_WARN_OBJC_ROOT_CLASS = YES_ERROR;
				CLANG_WARN_RANGE_LOOP_ANALYSIS = YES;
				CLANG_WARN_STRICT_PROTOTYPES = YES;
				CLANG_WARN_SUSPICIOUS_MOVE = YES;
				CLANG_WARN_UNGUARDED_AVAILABILITY = YES_AGGRESSIVE;
				CLANG_WARN_UNREACHABLE_CODE = YES;
				CLANG_WARN__DUPLICATE_METHOD_MATCH = YES;
				CODE_SIGN_IDENTITY = "iPhone Developer";
				COPY_PHASE_STRIP = NO;
				DEBUG_INFORMATION_FORMAT = dwarf;
				ENABLE_STRICT_OBJC_MSGSEND = YES;
				ENABLE_TESTABILITY = YES;
				GCC_C_LANGUAGE_STANDARD = gnu11;
				GCC_DYNAMIC_NO_PIC = NO;
				GCC_NO_COMMON_BLOCKS = YES;
				GCC_OPTIMIZATION_LEVEL = 0;
				GCC_PREPROCESSOR_DEFINITIONS = (
					"DEBUG=1",
					"$(inherited)",
				);
				GCC_WARN_64_TO_32_BIT_CONVERSION = YES;
				GCC_WARN_ABOUT_RETURN_TYPE = YES_ERROR;
				GCC_WARN_UNDECLARED_SELECTOR = YES;
				GCC_WARN_UNINITIALIZED_AUTOS = YES_AGGRESSIVE;
				GCC_WARN_UNUSED_FUNCTION = YES;
				GCC_WARN_UNUSED_VARIABLE = YES;
				IPHONEOS_DEPLOYMENT_TARGET = 11.0;
				MTL_ENABLE_DEBUG_INFO = YES;
				ONLY_ACTIVE_ARCH = YES;
				SDKROOT = iphoneos;
				SWIFT_ACTIVE_COMPILATION_CONDITIONS = DEBUG;
				SWIFT_OPTIMIZATION_LEVEL = "-Onone";
			};
			name = Debug;
		};
		E72A2B021F80CD4D0044F879 /* Release */ = {
			isa = XCBuildConfiguration;
			buildSettings = {
				ALWAYS_SEARCH_USER_PATHS = NO;
				CLANG_ANALYZER_NONNULL = YES;
				CLANG_ANALYZER_NUMBER_OBJECT_CONVERSION = YES_AGGRESSIVE;
				CLANG_CXX_LANGUAGE_STANDARD = "gnu++14";
				CLANG_CXX_LIBRARY = "libc++";
				CLANG_ENABLE_MODULES = YES;
				CLANG_ENABLE_OBJC_ARC = YES;
				CLANG_WARN_BLOCK_CAPTURE_AUTORELEASING = YES;
				CLANG_WARN_BOOL_CONVERSION = YES;
				CLANG_WARN_COMMA = YES;
				CLANG_WARN_CONSTANT_CONVERSION = YES;
				CLANG_WARN_DIRECT_OBJC_ISA_USAGE = YES_ERROR;
				CLANG_WARN_DOCUMENTATION_COMMENTS = YES;
				CLANG_WARN_EMPTY_BODY = YES;
				CLANG_WARN_ENUM_CONVERSION = YES;
				CLANG_WARN_INFINITE_RECURSION = YES;
				CLANG_WARN_INT_CONVERSION = YES;
				CLANG_WARN_NON_LITERAL_NULL_CONVERSION = YES;
				CLANG_WARN_OBJC_LITERAL_CONVERSION = YES;
				CLANG_WARN_OBJC_ROOT_CLASS = YES_ERROR;
				CLANG_WARN_RANGE_LOOP_ANALYSIS = YES;
				CLANG_WARN_STRICT_PROTOTYPES = YES;
				CLANG_WARN_SUSPICIOUS_MOVE = YES;
				CLANG_WARN_UNGUARDED_AVAILABILITY = YES_AGGRESSIVE;
				CLANG_WARN_UNREACHABLE_CODE = YES;
				CLANG_WARN__DUPLICATE_METHOD_MATCH = YES;
				CODE_SIGN_IDENTITY = "iPhone Developer";
				COPY_PHASE_STRIP = NO;
				DEBUG_INFORMATION_FORMAT = "dwarf-with-dsym";
				ENABLE_NS_ASSERTIONS = NO;
				ENABLE_STRICT_OBJC_MSGSEND = YES;
				GCC_C_LANGUAGE_STANDARD = gnu11;
				GCC_NO_COMMON_BLOCKS = YES;
				GCC_WARN_64_TO_32_BIT_CONVERSION = YES;
				GCC_WARN_ABOUT_RETURN_TYPE = YES_ERROR;
				GCC_WARN_UNDECLARED_SELECTOR = YES;
				GCC_WARN_UNINITIALIZED_AUTOS = YES_AGGRESSIVE;
				GCC_WARN_UNUSED_FUNCTION = YES;
				GCC_WARN_UNUSED_VARIABLE = YES;
				IPHONEOS_DEPLOYMENT_TARGET = 11.0;
				MTL_ENABLE_DEBUG_INFO = NO;
				SDKROOT = iphoneos;
				SWIFT_OPTIMIZATION_LEVEL = "-Owholemodule";
				VALIDATE_PRODUCT = YES;
			};
			name = Release;
		};
		E72A2B041F80CD4D0044F879 /* Debug */ = {
			isa = XCBuildConfiguration;
			baseConfigurationReference = EA8AD3DD7DF9666F4C4E3475 /* Pods-PKPodsExample.debug.xcconfig */;
			buildSettings = {
				ASSETCATALOG_COMPILER_APPICON_NAME = AppIcon;
				CODE_SIGN_STYLE = Automatic;
				DEVELOPMENT_TEAM = DEQGLB9PU4;
				INFOPLIST_FILE = PKPodsExample/Info.plist;
				LD_RUNPATH_SEARCH_PATHS = "$(inherited) @executable_path/Frameworks";
				PRODUCT_BUNDLE_IDENTIFIER = io.github.natmark.PKPodsExample;
				PRODUCT_NAME = "$(TARGET_NAME)";
				SWIFT_VERSION = 3.0;
				TARGETED_DEVICE_FAMILY = "1,2";
			};
			name = Debug;
		};
		E72A2B051F80CD4D0044F879 /* Release */ = {
			isa = XCBuildConfiguration;
			baseConfigurationReference = 5EB68EAEE265952FC4ABEE5E /* Pods-PKPodsExample.release.xcconfig */;
			buildSettings = {
				ASSETCATALOG_COMPILER_APPICON_NAME = AppIcon;
				CODE_SIGN_STYLE = Automatic;
				DEVELOPMENT_TEAM = DEQGLB9PU4;
				INFOPLIST_FILE = PKPodsExample/Info.plist;
				LD_RUNPATH_SEARCH_PATHS = "$(inherited) @executable_path/Frameworks";
				PRODUCT_BUNDLE_IDENTIFIER = io.github.natmark.PKPodsExample;
				PRODUCT_NAME = "$(TARGET_NAME)";
				SWIFT_VERSION = 3.0;
				TARGETED_DEVICE_FAMILY = "1,2";
			};
			name = Release;
		};
/* End XCBuildConfiguration section */

/* Begin XCConfigurationList section */
		E72A2AEC1F80CD4D0044F879 /* Build configuration list for PBXProject "PKPodsExample" */ = {
			isa = XCConfigurationList;
			buildConfigurations = (
				E72A2B011F80CD4D0044F879 /* Debug */,
				E72A2B021F80CD4D0044F879 /* Release */,
			);
			defaultConfigurationIsVisible = 0;
			defaultConfigurationName = Release;
		};
		E72A2B031F80CD4D0044F879 /* Build configuration list for PBXNativeTarget "PKPodsExample" */ = {
			isa = XCConfigurationList;
			buildConfigurations = (
				E72A2B041F80CD4D0044F879 /* Debug */,
				E72A2B051F80CD4D0044F879 /* Release */,
			);
			defaultConfigurationIsVisible = 0;
			defaultConfigurationName = Release;
		};
/* End XCConfigurationList section */
	};
	rootObject = E72A2AE91F80CD4D0044F879 /* Project object */;
}
